
Microsoft Visual Studio Solution File, Format Version 12.00
# Visual Studio 15
VisualStudioVersion = 15.0.27428.2037
MinimumVisualStudioVersion = 10.0.40219.1
Project("{FAE04EC0-301F-11D3-BF4B-00C04F79EFBC}") = "Palindrome", "Palindrome\Palindrome.csproj", "{B3B7D568-D8AD-426F-A0BA-D768D7ECF70E}"
EndProject
Project("{FAE04EC0-301F-11D3-BF4B-00C04F79EFBC}") = "PalindromeUnitTest", "PalindromeUnitTest\PalindromeUnitTest.csproj", "{DD6B1035-57DE-4AF3-9115-673C48A525D8}"
EndProject
Global
	GlobalSection(SolutionConfigurationPlatforms) = preSolution
		Debug|Any CPU = Debug|Any CPU
		Release|Any CPU = Release|Any CPU
	EndGlobalSection
	GlobalSection(ProjectConfigurationPlatforms) = postSolution
		{B3B7D568-D8AD-426F-A0BA-D768D7ECF70E}.Debug|Any CPU.ActiveCfg = Debug|Any CPU
		{B3B7D568-D8AD-426F-A0BA-D768D7ECF70E}.Debug|Any CPU.Build.0 = Debug|Any CPU
		{B3B7D568-D8AD-426F-A0BA-D768D7ECF70E}.Release|Any CPU.ActiveCfg = Release|Any CPU
		{B3B7D568-D8AD-426F-A0BA-D768D7ECF70E}.Release|Any CPU.Build.0 = Release|Any CPU
		{DD6B1035-57DE-4AF3-9115-673C48A525D8}.Debug|Any CPU.ActiveCfg = Debug|Any CPU
		{DD6B1035-57DE-4AF3-9115-673C48A525D8}.Debug|Any CPU.Build.0 = Debug|Any CPU
		{DD6B1035-57DE-4AF3-9115-673C48A525D8}.Release|Any CPU.ActiveCfg = Release|Any CPU
		{DD6B1035-57DE-4AF3-9115-673C48A525D8}.Release|Any CPU.Build.0 = Release|Any CPU
	EndGlobalSection
	GlobalSection(SolutionProperties) = preSolution
		HideSolutionNode = FALSE
	EndGlobalSection
	GlobalSection(ExtensibilityGlobals) = postSolution
		SolutionGuid = {11941B90-9A65-45AE-99DC-8F4A17DB2285}
	EndGlobalSection
EndGlobal
